[[package]]
name = "gcodepars"
version = "0.1.0"
dependencies = [
 "nom 4.0.0-alpha1 (registry+https://github.com/rust-lang/crates.io-index)",
]

[[package]]
name = "libc"
version = "0.2.35"
source = "registry+https://github.com/rust-lang/crates.io-index"

[[package]]
name = "memchr"
version = "2.0.1"
source = "registry+https://github.com/rust-lang/crates.io-index"
dependencies = [
 "libc 0.2.35 (registry+https://github.com/rust-lang/crates.io-index)",
]

[[package]]
name = "nom"
version = "4.0.0-alpha1"
source = "registry+https://github.com/rust-lang/crates.io-index"
dependencies = [
 "memchr 2.0.1 (registry+https://github.com/rust-lang/crates.io-index)",
]

[metadata]
"checksum libc 0.2.35 (registry+https://github.com/rust-lang/crates.io-index)" = "96264e9b293e95d25bfcbbf8a88ffd1aedc85b754eba8b7d78012f638ba220eb"
"checksum memchr 2.0.1 (registry+https://github.com/rust-lang/crates.io-index)" = "796fba70e76612589ed2ce7f45282f5af869e0fdd7cc6199fa1aa1f1d591ba9d"
"checksum nom 4.0.0-alpha1 (registry+https://github.com/rust-lang/crates.io-index)" = "adfdf17aafdaa7a2bfca4c1c6f381f49ecc820568246f2a44d44e68be2f14c12"
